
Microsoft Visual Studio Solution File, Format Version 12.00
# Visual Studio Version 17
VisualStudioVersion = 17.9.34723.18
MinimumVisualStudioVersion = 10.0.40219.1
Project("{FAE04EC0-301F-11D3-BF4B-00C04F79EFBC}") = "TicTacToe", "TicTacToe\TicTacToe.csproj", "{A95C4DDB-6D06-40E3-BFD3-33AC5C000262}"
EndProject
Global
	GlobalSection(SolutionConfigurationPlatforms) = preSolution
		Debug|Any CPU = Debug|Any CPU
		Release|Any CPU = Release|Any CPU
	EndGlobalSection
	GlobalSection(ProjectConfigurationPlatforms) = postSolution
		{A95C4DDB-6D06-40E3-BFD3-33AC5C000262}.Debug|Any CPU.ActiveCfg = Debug|Any CPU
		{A95C4DDB-6D06-40E3-BFD3-33AC5C000262}.Debug|Any CPU.Build.0 = Debug|Any CPU
		{A95C4DDB-6D06-40E3-BFD3-33AC5C000262}.Release|Any CPU.ActiveCfg = Release|Any CPU
		{A95C4DDB-6D06-40E3-BFD3-33AC5C000262}.Release|Any CPU.Build.0 = Release|Any CPU
	EndGlobalSection
	GlobalSection(SolutionProperties) = preSolution
		HideSolutionNode = FALSE
	EndGlobalSection
	GlobalSection(ExtensibilityGlobals) = postSolution
		SolutionGuid = {8E174F52-D996-4A0B-B838-BB52267E3EBA}
	EndGlobalSection
EndGlobal
